
Microsoft Visual Studio Solution File, Format Version 12.00
# Visual Studio Version 16
VisualStudioVersion = 16.0.30204.135
MinimumVisualStudioVersion = 10.0.40219.1
Project("{9A19103F-16F7-4668-BE54-9A1E7A4F7556}") = "Xsolla Summer School 2020. Backend", "Xsolla Summer School 2020. Backend\Xsolla Summer School 2020. Backend.csproj", "{590B39CD-74DE-49DF-8C7A-2B0BE0862E63}"
EndProject
Project("{9A19103F-16F7-4668-BE54-9A1E7A4F7556}") = "Common", "Common\Common.csproj", "{F646541F-CDF0-453E-8A48-B4C6E13AC4F1}"
EndProject
Project("{9A19103F-16F7-4668-BE54-9A1E7A4F7556}") = "Tests", "Tests\Tests.csproj", "{9E88F8EC-7802-4604-AAA9-5C78E7BB69CC}"
EndProject
Global
	GlobalSection(SolutionConfigurationPlatforms) = preSolution
		Debug|Any CPU = Debug|Any CPU
		Release|Any CPU = Release|Any CPU
	EndGlobalSection
	GlobalSection(ProjectConfigurationPlatforms) = postSolution
		{590B39CD-74DE-49DF-8C7A-2B0BE0862E63}.Debug|Any CPU.ActiveCfg = Debug|Any CPU
		{590B39CD-74DE-49DF-8C7A-2B0BE0862E63}.Debug|Any CPU.Build.0 = Debug|Any CPU
		{590B39CD-74DE-49DF-8C7A-2B0BE0862E63}.Release|Any CPU.ActiveCfg = Release|Any CPU
		{590B39CD-74DE-49DF-8C7A-2B0BE0862E63}.Release|Any CPU.Build.0 = Release|Any CPU
		{F646541F-CDF0-453E-8A48-B4C6E13AC4F1}.Debug|Any CPU.ActiveCfg = Debug|Any CPU
		{F646541F-CDF0-453E-8A48-B4C6E13AC4F1}.Debug|Any CPU.Build.0 = Debug|Any CPU
		{F646541F-CDF0-453E-8A48-B4C6E13AC4F1}.Release|Any CPU.ActiveCfg = Release|Any CPU
		{F646541F-CDF0-453E-8A48-B4C6E13AC4F1}.Release|Any CPU.Build.0 = Release|Any CPU
		{9E88F8EC-7802-4604-AAA9-5C78E7BB69CC}.Debug|Any CPU.ActiveCfg = Debug|Any CPU
		{9E88F8EC-7802-4604-AAA9-5C78E7BB69CC}.Debug|Any CPU.Build.0 = Debug|Any CPU
		{9E88F8EC-7802-4604-AAA9-5C78E7BB69CC}.Release|Any CPU.ActiveCfg = Release|Any CPU
		{9E88F8EC-7802-4604-AAA9-5C78E7BB69CC}.Release|Any CPU.Build.0 = Release|Any CPU
	EndGlobalSection
	GlobalSection(SolutionProperties) = preSolution
		HideSolutionNode = FALSE
	EndGlobalSection
	GlobalSection(ExtensibilityGlobals) = postSolution
		SolutionGuid = {A83CB0C4-CFE9-4E5A-9BDC-14F74F7B8F94}
	EndGlobalSection
EndGlobal
